// !$*UTF8*$!
{
	archiveVersion = 1;
	classes = {
	};
	objectVersion = 77;
	objects = {

/* Begin PBXBuildFile section */
		1FAB64692DFDA94B001A6E98 /* SnapKit in Frameworks */ = {isa = PBXBuildFile; productRef = 1FAB64682DFDA94B001A6E98 /* SnapKit */; };
		1FFA44652DFEC9CB001D8903 /* Alamofire in Frameworks */ = {isa = PBXBuildFile; productRef = 1FFA44642DFEC9CB001D8903 /* Alamofire */; };
		1FFA476F2DFF21A8001D8903 /* InputMask in Frameworks */ = {isa = PBXBuildFile; productRef = 1FFA476E2DFF21A8001D8903 /* InputMask */; };
		1FFA4A522E0034DB001D8903 /* SDWebImage in Frameworks */ = {isa = PBXBuildFile; productRef = 1FFA4A512E0034DB001D8903 /* SDWebImage */; };
/* End PBXBuildFile section */

/* Begin PBXContainerItemProxy section */
		1F286C3A2DF8386E0003C768 /* PBXContainerItemProxy */ = {
			isa = PBXContainerItemProxy;
			containerPortal = 1F286C182DF8386C0003C768 /* Project object */;
			proxyType = 1;
			remoteGlobalIDString = 1F286C1F2DF8386C0003C768;
			remoteInfo = "L-Tech";
		};
		1F286C442DF8386E0003C768 /* PBXContainerItemProxy */ = {
			isa = PBXContainerItemProxy;
			containerPortal = 1F286C182DF8386C0003C768 /* Project object */;
			proxyType = 1;
			remoteGlobalIDString = 1F286C1F2DF8386C0003C768;
			remoteInfo = "L-Tech";
		};
/* End PBXContainerItemProxy section */

/* Begin PBXFileReference section */
		1F286C202DF8386C0003C768 /* L-Tech.app */ = {isa = PBXFileReference; explicitFileType = wrapper.application; includeInIndex = 0; path = "L-Tech.app"; sourceTree = BUILT_PRODUCTS_DIR; };
		1F286C392DF8386E0003C768 /* L-TechTests.xctest */ = {isa = PBXFileReference; explicitFileType = wrapper.cfbundle; includeInIndex = 0; path = "L-TechTests.xctest"; sourceTree = BUILT_PRODUCTS_DIR; };
		1F286C432DF8386E0003C768 /* L-TechUITests.xctest */ = {isa = PBXFileReference; explicitFileType = wrapper.cfbundle; includeInIndex = 0; path = "L-TechUITests.xctest"; sourceTree = BUILT_PRODUCTS_DIR; };
/* End PBXFileReference section */

/* Begin PBXFileSystemSynchronizedBuildFileExceptionSet section */
		1F286C4B2DF8386E0003C768 /* Exceptions for "L-Tech" folder in "L-Tech" target */ = {
			isa = PBXFileSystemSynchronizedBuildFileExceptionSet;
			membershipExceptions = (
				"Supproting Files/Info.plist",
			);
			target = 1F286C1F2DF8386C0003C768 /* L-Tech */;
		};
/* End PBXFileSystemSynchronizedBuildFileExceptionSet section */

/* Begin PBXFileSystemSynchronizedRootGroup section */
		1F286C222DF8386C0003C768 /* L-Tech */ = {
			isa = PBXFileSystemSynchronizedRootGroup;
			exceptions = (
				1F286C4B2DF8386E0003C768 /* Exceptions for "L-Tech" folder in "L-Tech" target */,
			);
			path = "L-Tech";
			sourceTree = "<group>";
		};
		1F286C3C2DF8386E0003C768 /* L-TechTests */ = {
			isa = PBXFileSystemSynchronizedRootGroup;
			path = "L-TechTests";
			sourceTree = "<group>";
		};
		1F286C462DF8386E0003C768 /* L-TechUITests */ = {
			isa = PBXFileSystemSynchronizedRootGroup;
			path = "L-TechUITests";
			sourceTree = "<group>";
		};
/* End PBXFileSystemSynchronizedRootGroup section */

/* Begin PBXFrameworksBuildPhase section */
		1F286C1D2DF8386C0003C768 /* Frameworks */ = {
			isa = PBXFrameworksBuildPhase;
			buildActionMask = 2147483647;
			files = (
				1FFA476F2DFF21A8001D8903 /* InputMask in Frameworks */,
				1FAB64692DFDA94B001A6E98 /* SnapKit in Frameworks */,
				1FFA4A522E0034DB001D8903 /* SDWebImage in Frameworks */,
				1FFA44652DFEC9CB001D8903 /* Alamofire in Frameworks */,
			);
			runOnlyForDeploymentPostprocessing = 0;
		};
		1F286C362DF8386E0003C768 /* Frameworks */ = {
			isa = PBXFrameworksBuildPhase;
			buildActionMask = 2147483647;
			files = (
			);
			runOnlyForDeploymentPostprocessing = 0;
		};
		1F286C402DF8386E0003C768 /* Frameworks */ = {
			isa = PBXFrameworksBuildPhase;
			buildActionMask = 2147483647;
			files = (
			);
			runOnlyForDeploymentPostprocessing = 0;
		};
/* End PBXFrameworksBuildPhase section */

/* Begin PBXGroup section */
		1F286C172DF8386C0003C768 = {
			isa = PBXGroup;
			children = (
				1F286C222DF8386C0003C768 /* L-Tech */,
				1F286C3C2DF8386E0003C768 /* L-TechTests */,
				1F286C462DF8386E0003C768 /* L-TechUITests */,
				1F286C212DF8386C0003C768 /* Products */,
			);
			sourceTree = "<group>";
		};
		1F286C212DF8386C0003C768 /* Products */ = {
			isa = PBXGroup;
			children = (
				1F286C202DF8386C0003C768 /* L-Tech.app */,
				1F286C392DF8386E0003C768 /* L-TechTests.xctest */,
				1F286C432DF8386E0003C768 /* L-TechUITests.xctest */,
			);
			name = Products;
			sourceTree = "<group>";
		};
/* End PBXGroup section */

/* Begin PBXNativeTarget section */
		1F286C1F2DF8386C0003C768 /* L-Tech */ = {
			isa = PBXNativeTarget;
			buildConfigurationList = 1F286C4C2DF8386E0003C768 /* Build configuration list for PBXNativeTarget "L-Tech" */;
			buildPhases = (
				1F286C1C2DF8386C0003C768 /* Sources */,
				1F286C1D2DF8386C0003C768 /* Frameworks */,
				1F286C1E2DF8386C0003C768 /* Resources */,
			);
			buildRules = (
			);
			dependencies = (
			);
			fileSystemSynchronizedGroups = (
				1F286C222DF8386C0003C768 /* L-Tech */,
			);
			name = "L-Tech";
			packageProductDependencies = (
				1FAB64682DFDA94B001A6E98 /* SnapKit */,
				1FFA44642DFEC9CB001D8903 /* Alamofire */,
				1FFA476E2DFF21A8001D8903 /* InputMask */,
				1FFA4A512E0034DB001D8903 /* SDWebImage */,
			);
			productName = "L-Tech";
			productReference = 1F286C202DF8386C0003C768 /* L-Tech.app */;
			productType = "com.apple.product-type.application";
		};
		1F286C382DF8386E0003C768 /* L-TechTests */ = {
			isa = PBXNativeTarget;
			buildConfigurationList = 1F286C512DF8386E0003C768 /* Build configuration list for PBXNativeTarget "L-TechTests" */;
			buildPhases = (
				1F286C352DF8386E0003C768 /* Sources */,
				1F286C362DF8386E0003C768 /* Frameworks */,
				1F286C372DF8386E0003C768 /* Resources */,
			);
			buildRules = (
			);
			dependencies = (
				1F286C3B2DF8386E0003C768 /* PBXTargetDependency */,
			);
			fileSystemSynchronizedGroups = (
				1F286C3C2DF8386E0003C768 /* L-TechTests */,
			);
			name = "L-TechTests";
			packageProductDependencies = (
			);
			productName = "L-TechTests";
			productReference = 1F286C392DF8386E0003C768 /* L-TechTests.xctest */;
			productType = "com.apple.product-type.bundle.unit-test";
		};
		1F286C422DF8386E0003C768 /* L-TechUITests */ = {
			isa = PBXNativeTarget;
			buildConfigurationList = 1F286C542DF8386E0003C768 /* Build configuration list for PBXNativeTarget "L-TechUITests" */;
			buildPhases = (
				1F286C3F2DF8386E0003C768 /* Sources */,
				1F286C402DF8386E0003C768 /* Frameworks */,
				1F286C412DF8386E0003C768 /* Resources */,
			);
			buildRules = (
			);
			dependencies = (
				1F286C452DF8386E0003C768 /* PBXTargetDependency */,
			);
			fileSystemSynchronizedGroups = (
				1F286C462DF8386E0003C768 /* L-TechUITests */,
			);
			name = "L-TechUITests";
			packageProductDependencies = (
			);
			productName = "L-TechUITests";
			productReference = 1F286C432DF8386E0003C768 /* L-TechUITests.xctest */;
			productType = "com.apple.product-type.bundle.ui-testing";
		};
/* End PBXNativeTarget section */

/* Begin PBXProject section */
		1F286C182DF8386C0003C768 /* Project object */ = {
			isa = PBXProject;
			attributes = {
				BuildIndependentTargetsInParallel = 1;
				LastSwiftUpdateCheck = 1620;
				LastUpgradeCheck = 1620;
				TargetAttributes = {
					1F286C1F2DF8386C0003C768 = {
						CreatedOnToolsVersion = 16.2;
					};
					1F286C382DF8386E0003C768 = {
						CreatedOnToolsVersion = 16.2;
						TestTargetID = 1F286C1F2DF8386C0003C768;
					};
					1F286C422DF8386E0003C768 = {
						CreatedOnToolsVersion = 16.2;
						TestTargetID = 1F286C1F2DF8386C0003C768;
					};
				};
			};
			buildConfigurationList = 1F286C1B2DF8386C0003C768 /* Build configuration list for PBXProject "L-Tech" */;
			developmentRegion = en;
			hasScannedForEncodings = 0;
			knownRegions = (
				en,
				Base,
			);
			mainGroup = 1F286C172DF8386C0003C768;
			minimizedProjectReferenceProxies = 1;
			packageReferences = (
				1FAB64672DFDA94B001A6E98 /* XCRemoteSwiftPackageReference "SnapKit" */,
				1FFA44632DFEC9CB001D8903 /* XCRemoteSwiftPackageReference "Alamofire" */,
				1FFA476D2DFF21A8001D8903 /* XCRemoteSwiftPackageReference "input-mask-ios" */,
				1FFA4A502E0034DB001D8903 /* XCRemoteSwiftPackageReference "SDWebImage" */,
			);
			preferredProjectObjectVersion = 77;
			productRefGroup = 1F286C212DF8386C0003C768 /* Products */;
			projectDirPath = "";
			projectRoot = "";
			targets = (
				1F286C1F2DF8386C0003C768 /* L-Tech */,
				1F286C382DF8386E0003C768 /* L-TechTests */,
				1F286C422DF8386E0003C768 /* L-TechUITests */,
			);
		};
/* End PBXProject section */

/* Begin PBXResourcesBuildPhase section */
		1F286C1E2DF8386C0003C768 /* Resources */ = {
			isa = PBXResourcesBuildPhase;
			buildActionMask = 2147483647;
			files = (
			);
			runOnlyForDeploymentPostprocessing = 0;
		};
		1F286C372DF8386E0003C768 /* Resources */ = {
			isa = PBXResourcesBuildPhase;
			buildActionMask = 2147483647;
			files = (
			);
			runOnlyForDeploymentPostprocessing = 0;
		};
		1F286C412DF8386E0003C768 /* Resources */ = {
			isa = PBXResourcesBuildPhase;
			buildActionMask = 2147483647;
			files = (
			);
			runOnlyForDeploymentPostprocessing = 0;
		};
/* End PBXResourcesBuildPhase section */

/* Begin PBXSourcesBuildPhase section */
		1F286C1C2DF8386C0003C768 /* Sources */ = {
			isa = PBXSourcesBuildPhase;
			buildActionMask = 2147483647;
			files = (
			);
			runOnlyForDeploymentPostprocessing = 0;
		};
		1F286C352DF8386E0003C768 /* Sources */ = {
			isa = PBXSourcesBuildPhase;
			buildActionMask = 2147483647;
			files = (
			);
			runOnlyForDeploymentPostprocessing = 0;
		};
		1F286C3F2DF8386E0003C768 /* Sources */ = {
			isa = PBXSourcesBuildPhase;
			buildActionMask = 2147483647;
			files = (
			);
			runOnlyForDeploymentPostprocessing = 0;
		};
/* End PBXSourcesBuildPhase section */

/* Begin PBXTargetDependency section */
		1F286C3B2DF8386E0003C768 /* PBXTargetDependency */ = {
			isa = PBXTargetDependency;
			target = 1F286C1F2DF8386C0003C768 /* L-Tech */;
			targetProxy = 1F286C3A2DF8386E0003C768 /* PBXContainerItemProxy */;
		};
		1F286C452DF8386E0003C768 /* PBXTargetDependency */ = {
			isa = PBXTargetDependency;
			target = 1F286C1F2DF8386C0003C768 /* L-Tech */;
			targetProxy = 1F286C442DF8386E0003C768 /* PBXContainerItemProxy */;
		};
/* End PBXTargetDependency section */

/* Begin XCBuildConfiguration section */
		1F286C4D2DF8386E0003C768 /* Debug */ = {
			isa = XCBuildConfiguration;
			buildSettings = {
				ASSETCATALOG_COMPILER_APPICON_NAME = AppIcon;
				ASSETCATALOG_COMPILER_GLOBAL_ACCENT_COLOR_NAME = AccentColor;
				CODE_SIGN_STYLE = Automatic;
				CURRENT_PROJECT_VERSION = 1;
				GENERATE_INFOPLIST_FILE = YES;
				INFOPLIST_FILE = "L-Tech/Supproting Files/Info.plist";
				INFOPLIST_KEY_UIApplicationSupportsIndirectInputEvents = YES;
				INFOPLIST_KEY_UILaunchStoryboardName = LaunchScreen;
				INFOPLIST_KEY_UISupportedInterfaceOrientations_iPad = "UIInterfaceOrientationPortrait UIInterfaceOrientationPortraitUpsideDown UIInterfaceOrientationLandscapeLeft UIInterfaceOrientationLandscapeRight";
				INFOPLIST_KEY_UISupportedInterfaceOrientations_iPhone = "UIInterfaceOrientationPortrait UIInterfaceOrientationLandscapeLeft UIInterfaceOrientationLandscapeRight";
				LD_RUNPATH_SEARCH_PATHS = (
					"$(inherited)",
					"@executable_path/Frameworks",
				);
				MARKETING_VERSION = 1.0;
				PRODUCT_BUNDLE_IDENTIFIER = "com.example.L-Tech";
				PRODUCT_NAME = "$(TARGET_NAME)";
				SWIFT_EMIT_LOC_STRINGS = YES;
				SWIFT_VERSION = 5.0;
				TARGETED_DEVICE_FAMILY = "1,2";
			};
			name = Debug;
		};
		1F286C4E2DF8386E0003C768 /* Release */ = {
			isa = XCBuildConfiguration;
			buildSettings = {
				ASSETCATALOG_COMPILER_APPICON_NAME = AppIcon;
				ASSETCATALOG_COMPILER_GLOBAL_ACCENT_COLOR_NAME = AccentColor;
				CODE_SIGN_STYLE = Automatic;
				CURRENT_PROJECT_VERSION = 1;
				GENERATE_INFOPLIST_FILE = YES;
				INFOPLIST_FILE = "L-Tech/Supproting Files/Info.plist";
				INFOPLIST_KEY_UIApplicationSupportsIndirectInputEvents = YES;
				INFOPLIST_KEY_UILaunchStoryboardName = LaunchScreen;
				INFOPLIST_KEY_UISupportedInterfaceOrientations_iPad = "UIInterfaceOrientationPortrait UIInterfaceOrientationPortraitUpsideDown UIInterfaceOrientationLandscapeLeft UIInterfaceOrientationLandscapeRight";
				INFOPLIST_KEY_UISupportedInterfaceOrientations_iPhone = "UIInterfaceOrientationPortrait UIInterfaceOrientationLandscapeLeft UIInterfaceOrientationLandscapeRight";
				LD_RUNPATH_SEARCH_PATHS = (
					"$(inherited)",
					"@executable_path/Frameworks",
				);
				MARKETING_VERSION = 1.0;
				PRODUCT_BUNDLE_IDENTIFIER = "com.example.L-Tech";
				PRODUCT_NAME = "$(TARGET_NAME)";
				SWIFT_EMIT_LOC_STRINGS = YES;
				SWIFT_VERSION = 5.0;
				TARGETED_DEVICE_FAMILY = "1,2";
			};
			name = Release;
		};
		1F286C4F2DF8386E0003C768 /* Debug */ = {
			isa = XCBuildConfiguration;
			buildSettings = {
				ALWAYS_SEARCH_USER_PATHS = NO;
				ASSETCATALOG_COMPILER_GENERATE_SWIFT_ASSET_SYMBOL_EXTENSIONS = YES;
				CLANG_ANALYZER_NONNULL = YES;
				CLANG_ANALYZER_NUMBER_OBJECT_CONVERSION = YES_AGGRESSIVE;
				CLANG_CXX_LANGUAGE_STANDARD = "gnu++20";
				CLANG_ENABLE_MODULES = YES;
				CLANG_ENABLE_OBJC_ARC = YES;
				CLANG_ENABLE_OBJC_WEAK = YES;
				CLANG_WARN_BLOCK_CAPTURE_AUTORELEASING = YES;
				CLANG_WARN_BOOL_CONVERSION = YES;
				CLANG_WARN_COMMA = YES;
				CLANG_WARN_CONSTANT_CONVERSION = YES;
				CLANG_WARN_DEPRECATED_OBJC_IMPLEMENTATIONS = YES;
				CLANG_WARN_DIRECT_OBJC_ISA_USAGE = YES_ERROR;
				CLANG_WARN_DOCUMENTATION_COMMENTS = YES;
				CLANG_WARN_EMPTY_BODY = YES;
				CLANG_WARN_ENUM_CONVERSION = YES;
				CLANG_WARN_INFINITE_RECURSION = YES;
				CLANG_WARN_INT_CONVERSION = YES;
				CLANG_WARN_NON_LITERAL_NULL_CONVERSION = YES;
				CLANG_WARN_OBJC_IMPLICIT_RETAIN_SELF = YES;
				CLANG_WARN_OBJC_LITERAL_CONVERSION = YES;
				CLANG_WARN_OBJC_ROOT_CLASS = YES_ERROR;
				CLANG_WARN_QUOTED_INCLUDE_IN_FRAMEWORK_HEADER = YES;
				CLANG_WARN_RANGE_LOOP_ANALYSIS = YES;
				CLANG_WARN_STRICT_PROTOTYPES = YES;
				CLANG_WARN_SUSPICIOUS_MOVE = YES;
				CLANG_WARN_UNGUARDED_AVAILABILITY = YES_AGGRESSIVE;
				CLANG_WARN_UNREACHABLE_CODE = YES;
				CLANG_WARN__DUPLICATE_METHOD_MATCH = YES;
				COPY_PHASE_STRIP = NO;
				DEBUG_INFORMATION_FORMAT = dwarf;
				ENABLE_STRICT_OBJC_MSGSEND = YES;
				ENABLE_TESTABILITY = YES;
				ENABLE_USER_SCRIPT_SANDBOXING = YES;
				GCC_C_LANGUAGE_STANDARD = gnu17;
				GCC_DYNAMIC_NO_PIC = NO;
				GCC_NO_COMMON_BLOCKS = YES;
				GCC_OPTIMIZATION_LEVEL = 0;
				GCC_PREPROCESSOR_DEFINITIONS = (
					"DEBUG=1",
					"$(inherited)",
				);
				GCC_WARN_64_TO_32_BIT_CONVERSION = YES;
				GCC_WARN_ABOUT_RETURN_TYPE = YES_ERROR;
				GCC_WARN_UNDECLARED_SELECTOR = YES;
				GCC_WARN_UNINITIALIZED_AUTOS = YES_AGGRESSIVE;
				GCC_WARN_UNUSED_FUNCTION = YES;
				GCC_WARN_UNUSED_VARIABLE = YES;
				IPHONEOS_DEPLOYMENT_TARGET = 18.2;
				LOCALIZATION_PREFERS_STRING_CATALOGS = YES;
				MTL_ENABLE_DEBUG_INFO = INCLUDE_SOURCE;
				MTL_FAST_MATH = YES;
				ONLY_ACTIVE_ARCH = YES;
				SDKROOT = iphoneos;
				SWIFT_ACTIVE_COMPILATION_CONDITIONS = "DEBUG $(inherited)";
				SWIFT_OPTIMIZATION_LEVEL = "-Onone";
			};
			name = Debug;
		};
		1F286C502DF8386E0003C768 /* Release */ = {
			isa = XCBuildConfiguration;
			buildSettings = {
				ALWAYS_SEARCH_USER_PATHS = NO;
				ASSETCATALOG_COMPILER_GENERATE_SWIFT_ASSET_SYMBOL_EXTENSIONS = YES;
				CLANG_ANALYZER_NONNULL = YES;
				CLANG_ANALYZER_NUMBER_OBJECT_CONVERSION = YES_AGGRESSIVE;
				CLANG_CXX_LANGUAGE_STANDARD = "gnu++20";
				CLANG_ENABLE_MODULES = YES;
				CLANG_ENABLE_OBJC_ARC = YES;
				CLANG_ENABLE_OBJC_WEAK = YES;
				CLANG_WARN_BLOCK_CAPTURE_AUTORELEASING = YES;
				CLANG_WARN_BOOL_CONVERSION = YES;
				CLANG_WARN_COMMA = YES;
				CLANG_WARN_CONSTANT_CONVERSION = YES;
				CLANG_WARN_DEPRECATED_OBJC_IMPLEMENTATIONS = YES;
				CLANG_WARN_DIRECT_OBJC_ISA_USAGE = YES_ERROR;
				CLANG_WARN_DOCUMENTATION_COMMENTS = YES;
				CLANG_WARN_EMPTY_BODY = YES;
				CLANG_WARN_ENUM_CONVERSION = YES;
				CLANG_WARN_INFINITE_RECURSION = YES;
				CLANG_WARN_INT_CONVERSION = YES;
				CLANG_WARN_NON_LITERAL_NULL_CONVERSION = YES;
				CLANG_WARN_OBJC_IMPLICIT_RETAIN_SELF = YES;
				CLANG_WARN_OBJC_LITERAL_CONVERSION = YES;
				CLANG_WARN_OBJC_ROOT_CLASS = YES_ERROR;
				CLANG_WARN_QUOTED_INCLUDE_IN_FRAMEWORK_HEADER = YES;
				CLANG_WARN_RANGE_LOOP_ANALYSIS = YES;
				CLANG_WARN_STRICT_PROTOTYPES = YES;
				CLANG_WARN_SUSPICIOUS_MOVE = YES;
				CLANG_WARN_UNGUARDED_AVAILABILITY = YES_AGGRESSIVE;
				CLANG_WARN_UNREACHABLE_CODE = YES;
				CLANG_WARN__DUPLICATE_METHOD_MATCH = YES;
				COPY_PHASE_STRIP = NO;
				DEBUG_INFORMATION_FORMAT = "dwarf-with-dsym";
				ENABLE_NS_ASSERTIONS = NO;
				ENABLE_STRICT_OBJC_MSGSEND = YES;
				ENABLE_USER_SCRIPT_SANDBOXING = YES;
				GCC_C_LANGUAGE_STANDARD = gnu17;
				GCC_NO_COMMON_BLOCKS = YES;
				GCC_WARN_64_TO_32_BIT_CONVERSION = YES;
				GCC_WARN_ABOUT_RETURN_TYPE = YES_ERROR;
				GCC_WARN_UNDECLARED_SELECTOR = YES;
				GCC_WARN_UNINITIALIZED_AUTOS = YES_AGGRESSIVE;
				GCC_WARN_UNUSED_FUNCTION = YES;
				GCC_WARN_UNUSED_VARIABLE = YES;
				IPHONEOS_DEPLOYMENT_TARGET = 18.2;
				LOCALIZATION_PREFERS_STRING_CATALOGS = YES;
				MTL_ENABLE_DEBUG_INFO = NO;
				MTL_FAST_MATH = YES;
				SDKROOT = iphoneos;
				SWIFT_COMPILATION_MODE = wholemodule;
				VALIDATE_PRODUCT = YES;
			};
			name = Release;
		};
		1F286C522DF8386E0003C768 /* Debug */ = {
			isa = XCBuildConfiguration;
			buildSettings = {
				BUNDLE_LOADER = "$(TEST_HOST)";
				CODE_SIGN_STYLE = Automatic;
				CURRENT_PROJECT_VERSION = 1;
				GENERATE_INFOPLIST_FILE = YES;
				IPHONEOS_DEPLOYMENT_TARGET = 18.2;
				MARKETING_VERSION = 1.0;
				PRODUCT_BUNDLE_IDENTIFIER = "com.example.L-TechTests";
				PRODUCT_NAME = "$(TARGET_NAME)";
				SWIFT_EMIT_LOC_STRINGS = NO;
				SWIFT_VERSION = 5.0;
				TARGETED_DEVICE_FAMILY = "1,2";
				TEST_HOST = "$(BUILT_PRODUCTS_DIR)/L-Tech.app/$(BUNDLE_EXECUTABLE_FOLDER_PATH)/L-Tech";
			};
			name = Debug;
		};
		1F286C532DF8386E0003C768 /* Release */ = {
			isa = XCBuildConfiguration;
			buildSettings = {
				BUNDLE_LOADER = "$(TEST_HOST)";
				CODE_SIGN_STYLE = Automatic;
				CURRENT_PROJECT_VERSION = 1;
				GENERATE_INFOPLIST_FILE = YES;
				IPHONEOS_DEPLOYMENT_TARGET = 18.2;
				MARKETING_VERSION = 1.0;
				PRODUCT_BUNDLE_IDENTIFIER = "com.example.L-TechTests";
				PRODUCT_NAME = "$(TARGET_NAME)";
				SWIFT_EMIT_LOC_STRINGS = NO;
				SWIFT_VERSION = 5.0;
				TARGETED_DEVICE_FAMILY = "1,2";
				TEST_HOST = "$(BUILT_PRODUCTS_DIR)/L-Tech.app/$(BUNDLE_EXECUTABLE_FOLDER_PATH)/L-Tech";
			};
			name = Release;
		};
		1F286C552DF8386E0003C768 /* Debug */ = {
			isa = XCBuildConfiguration;
			buildSettings = {
				CODE_SIGN_STYLE = Automatic;
				CURRENT_PROJECT_VERSION = 1;
				GENERATE_INFOPLIST_FILE = YES;
				MARKETING_VERSION = 1.0;
				PRODUCT_BUNDLE_IDENTIFIER = "com.example.L-TechUITests";
				PRODUCT_NAME = "$(TARGET_NAME)";
				SWIFT_EMIT_LOC_STRINGS = NO;
				SWIFT_VERSION = 5.0;
				TARGETED_DEVICE_FAMILY = "1,2";
				TEST_TARGET_NAME = "L-Tech";
			};
			name = Debug;
		};
		1F286C562DF8386E0003C768 /* Release */ = {
			isa = XCBuildConfiguration;
			buildSettings = {
				CODE_SIGN_STYLE = Automatic;
				CURRENT_PROJECT_VERSION = 1;
				GENERATE_INFOPLIST_FILE = YES;
				MARKETING_VERSION = 1.0;
				PRODUCT_BUNDLE_IDENTIFIER = "com.example.L-TechUITests";
				PRODUCT_NAME = "$(TARGET_NAME)";
				SWIFT_EMIT_LOC_STRINGS = NO;
				SWIFT_VERSION = 5.0;
				TARGETED_DEVICE_FAMILY = "1,2";
				TEST_TARGET_NAME = "L-Tech";
			};
			name = Release;
		};
/* End XCBuildConfiguration section */

/* Begin XCConfigurationList section */
		1F286C1B2DF8386C0003C768 /* Build configuration list for PBXProject "L-Tech" */ = {
			isa = XCConfigurationList;
			buildConfigurations = (
				1F286C4F2DF8386E0003C768 /* Debug */,
				1F286C502DF8386E0003C768 /* Release */,
			);
			defaultConfigurationIsVisible = 0;
			defaultConfigurationName = Release;
		};
		1F286C4C2DF8386E0003C768 /* Build configuration list for PBXNativeTarget "L-Tech" */ = {
			isa = XCConfigurationList;
			buildConfigurations = (
				1F286C4D2DF8386E0003C768 /* Debug */,
				1F286C4E2DF8386E0003C768 /* Release */,
			);
			defaultConfigurationIsVisible = 0;
			defaultConfigurationName = Release;
		};
		1F286C512DF8386E0003C768 /* Build configuration list for PBXNativeTarget "L-TechTests" */ = {
			isa = XCConfigurationList;
			buildConfigurations = (
				1F286C522DF8386E0003C768 /* Debug */,
				1F286C532DF8386E0003C768 /* Release */,
			);
			defaultConfigurationIsVisible = 0;
			defaultConfigurationName = Release;
		};
		1F286C542DF8386E0003C768 /* Build configuration list for PBXNativeTarget "L-TechUITests" */ = {
			isa = XCConfigurationList;
			buildConfigurations = (
				1F286C552DF8386E0003C768 /* Debug */,
				1F286C562DF8386E0003C768 /* Release */,
			);
			defaultConfigurationIsVisible = 0;
			defaultConfigurationName = Release;
		};
/* End XCConfigurationList section */

/* Begin XCRemoteSwiftPackageReference section */
		1FAB64672DFDA94B001A6E98 /* XCRemoteSwiftPackageReference "SnapKit" */ = {
			isa = XCRemoteSwiftPackageReference;
			repositoryURL = "https://github.com/SnapKit/SnapKit#:~:text=snapkit.github.io/SnapKit/";
			requirement = {
				kind = upToNextMajorVersion;
				minimumVersion = 5.7.1;
			};
		};
		1FFA44632DFEC9CB001D8903 /* XCRemoteSwiftPackageReference "Alamofire" */ = {
			isa = XCRemoteSwiftPackageReference;
			repositoryURL = "https://github.com/Alamofire/Alamofire.git";
			requirement = {
				kind = upToNextMajorVersion;
				minimumVersion = 5.10.2;
			};
		};
		1FFA476D2DFF21A8001D8903 /* XCRemoteSwiftPackageReference "input-mask-ios" */ = {
			isa = XCRemoteSwiftPackageReference;
			repositoryURL = "https://github.com/RedMadRobot/input-mask-ios";
			requirement = {
				kind = upToNextMajorVersion;
				minimumVersion = 7.3.2;
			};
		};
		1FFA4A502E0034DB001D8903 /* XCRemoteSwiftPackageReference "SDWebImage" */ = {
			isa = XCRemoteSwiftPackageReference;
			repositoryURL = "https://github.com/SDWebImage/SDWebImage.git";
			requirement = {
				kind = upToNextMajorVersion;
				minimumVersion = 5.21.1;
			};
		};
/* End XCRemoteSwiftPackageReference section */

/* Begin XCSwiftPackageProductDependency section */
		1FAB64682DFDA94B001A6E98 /* SnapKit */ = {
			isa = XCSwiftPackageProductDependency;
			package = 1FAB64672DFDA94B001A6E98 /* XCRemoteSwiftPackageReference "SnapKit" */;
			productName = SnapKit;
		};
		1FFA44642DFEC9CB001D8903 /* Alamofire */ = {
			isa = XCSwiftPackageProductDependency;
			package = 1FFA44632DFEC9CB001D8903 /* XCRemoteSwiftPackageReference "Alamofire" */;
			productName = Alamofire;
		};
		1FFA476E2DFF21A8001D8903 /* InputMask */ = {
			isa = XCSwiftPackageProductDependency;
			package = 1FFA476D2DFF21A8001D8903 /* XCRemoteSwiftPackageReference "input-mask-ios" */;
			productName = InputMask;
		};
		1FFA4A512E0034DB001D8903 /* SDWebImage */ = {
			isa = XCSwiftPackageProductDependency;
			package = 1FFA4A502E0034DB001D8903 /* XCRemoteSwiftPackageReference "SDWebImage" */;
			productName = SDWebImage;
		};
/* End XCSwiftPackageProductDependency section */
	};
	rootObject = 1F286C182DF8386C0003C768 /* Project object */;
}
